
Microsoft Visual Studio Solution File, Format Version 12.00
# Visual Studio 2012
Project("{FAE04EC0-301F-11D3-BF4B-00C04F79EFBC}") = "RamsarNBNTool", "RamsarNBNTool.csproj", "{A75FC8E6-F54C-4B3D-A8E4-94AD333898AD}"
EndProject
Global
	GlobalSection(SolutionConfigurationPlatforms) = preSolution
		Debug|Any CPU = Debug|Any CPU
		Release|Any CPU = Release|Any CPU
	EndGlobalSection
	GlobalSection(ProjectConfigurationPlatforms) = postSolution
		{A75FC8E6-F54C-4B3D-A8E4-94AD333898AD}.Debug|Any CPU.ActiveCfg = Debug|Any CPU
		{A75FC8E6-F54C-4B3D-A8E4-94AD333898AD}.Debug|Any CPU.Build.0 = Debug|Any CPU
		{A75FC8E6-F54C-4B3D-A8E4-94AD333898AD}.Release|Any CPU.ActiveCfg = Release|Any CPU
		{A75FC8E6-F54C-4B3D-A8E4-94AD333898AD}.Release|Any CPU.Build.0 = Release|Any CPU
	EndGlobalSection
	GlobalSection(SolutionProperties) = preSolution
		HideSolutionNode = FALSE
	EndGlobalSection
EndGlobal
